<?xml version="1.0" encoding="utf-8"?>
<Project ToolsVersion="4.0" xmlns="http://schemas.microsoft.com/developer/msbuild/2003">
  <ItemGroup>
    <Filter Include="Source Files">
      <UniqueIdentifier>{d05fdaa8-d775-4945-9a0b-63dc1ef37d3f}</UniqueIdentifier>
      <Extensions>cpp;c;cxx;rc;def;r;odl;idl;hpj;bat</Extensions>
    </Filter>
    <Filter Include="Source Files\nwnxBase">
      <UniqueIdentifier>{391304ef-5959-4061-bb40-3b2ca09fbffc}</UniqueIdentifier>
    </Filter>
    <Filter Include="Source Files\nwn_internals">
      <UniqueIdentifier>{47b78574-d466-42cc-ad98-df72b7b88026}</UniqueIdentifier>
    </Filter>
    <Filter Include="Source Files\FuncLookup">
      <UniqueIdentifier>{6474ffdb-c8a1-413e-b016-0c69e4dbfc2a}</UniqueIdentifier>
    </Filter>
    <Filter Include="Source Files\Script Function Classes">
      <UniqueIdentifier>{1bded3bf-487d-4df9-a6b7-6b4a2fbe581f}</UniqueIdentifier>
    </Filter>
    <Filter Include="Header Files">
      <UniqueIdentifier>{76c945a7-91f5-4182-a107-03333f269431}</UniqueIdentifier>
      <Extensions>h;hpp;hxx;hm;inl</Extensions>
    </Filter>
    <Filter Include="Header Files\nwnxBase">
      <UniqueIdentifier>{4a533dab-ff2f-4c5b-9488-5cc535c0340d}</UniqueIdentifier>
    </Filter>
    <Filter Include="Header Files\Script Function Classes">
      <UniqueIdentifier>{61c6b4de-7775-4938-b3c6-609fdf8eb11d}</UniqueIdentifier>
    </Filter>
    <Filter Include="Resource Files">
      <UniqueIdentifier>{8601b3cb-96bc-4846-b877-c0bb6792479d}</UniqueIdentifier>
      <Extensions>ico;cur;bmp;dlg;rc2;rct;bin;rgs;gif;jpg;jpeg;jpe</Extensions>
    </Filter>
  </ItemGroup>
  <ItemGroup>
    <ClCompile Include="funcs.cpp">
      <Filter>Source Files</Filter>
    </ClCompile>
    <ClCompile Include="HookFunc.cpp">
      <Filter>Source Files</Filter>
    </ClCompile>
    <ClCompile Include="nwnx_funcs.cpp">
      <Filter>Source Files</Filter>
    </ClCompile>
    <ClCompile Include="..\NWNXdll\IniFile.cpp">
      <Filter>Source Files\nwnxBase</Filter>
    </ClCompile>
    <ClCompile Include="..\NWNXdll\NWNXBase.cpp">
      <Filter>Source Files\nwnxBase</Filter>
    </ClCompile>
    <ClCompile Include="CFuncUtility.cpp">
      <Filter>Source Files\Script Function Classes</Filter>
    </ClCompile>
    <ClCompile Include="CNssAreas.cpp">
      <Filter>Source Files\Script Function Classes</Filter>
    </ClCompile>
    <ClCompile Include="CNssCreature.cpp">
      <Filter>Source Files\Script Function Classes</Filter>
    </ClCompile>
    <ClCompile Include="CNssCreatureStats.cpp">
      <Filter>Source Files\Script Function Classes</Filter>
    </ClCompile>
    <ClCompile Include="CNssCustomTrigger.cpp">
      <Filter>Source Files\Script Function Classes</Filter>
    </ClCompile>
    <ClCompile Include="CNssEffects.cpp">
      <Filter>Source Files\Script Function Classes</Filter>
    </ClCompile>
    <ClCompile Include="CNssFeats.cpp">
      <Filter>Source Files\Script Function Classes</Filter>
    </ClCompile>
    <ClCompile Include="CNssItemProperty.cpp">
      <Filter>Source Files\Script Function Classes</Filter>
    </ClCompile>
    <ClCompile Include="CNssItems.cpp">
      <Filter>Source Files\Script Function Classes</Filter>
    </ClCompile>
    <ClCompile Include="CNssLocalVariables.cpp">
      <Filter>Source Files\Script Function Classes</Filter>
    </ClCompile>
    <ClCompile Include="CNssLock.cpp">
      <Filter>Source Files\Script Function Classes</Filter>
    </ClCompile>
    <ClCompile Include="CNssModule.cpp">
      <Filter>Source Files\Script Function Classes</Filter>
    </ClCompile>
    <ClCompile Include="CNssObject.cpp">
      <Filter>Source Files\Script Function Classes</Filter>
    </ClCompile>
    <ClCompile Include="CNssPlayer.cpp">
      <Filter>Source Files\Script Function Classes</Filter>
    </ClCompile>
    <ClCompile Include="CNssServer.cpp">
      <Filter>Source Files\Script Function Classes</Filter>
    </ClCompile>
    <ClCompile Include="CNssSpells.cpp">
      <Filter>Source Files\Script Function Classes</Filter>
    </ClCompile>
    <ClCompile Include="CNssTransition.cpp">
      <Filter>Source Files\Script Function Classes</Filter>
    </ClCompile>
    <ClCompile Include="CNssUtility.cpp">
      <Filter>Source Files\Script Function Classes</Filter>
    </ClCompile>
    <ClCompile Include="CVisibility.cpp">
      <Filter>Source Files\Script Function Classes</Filter>
    </ClCompile>
    <ClCompile Include="..\RockLib\CNss\CFuncLookup.cpp">
      <Filter>Source Files\FuncLookup</Filter>
    </ClCompile>
    <ClCompile Include="..\RockLib\nwn_internals\C2DA.cpp">
      <Filter>Source Files\nwn_internals</Filter>
    </ClCompile>
    <ClCompile Include="..\RockLib\nwn_internals\CExoLinkedList.cpp">
      <Filter>Source Files\nwn_internals</Filter>
    </ClCompile>
    <ClCompile Include="..\RockLib\nwn_internals\CExoString.cpp">
      <Filter>Source Files\nwn_internals</Filter>
    </ClCompile>
    <ClCompile Include="..\RockLib\nwn_internals\CGameEffect.cpp">
      <Filter>Source Files\nwn_internals</Filter>
    </ClCompile>
    <ClCompile Include="..\RockLib\nwn_internals\CGameObject.cpp">
      <Filter>Source Files\nwn_internals</Filter>
    </ClCompile>
    <ClCompile Include="..\RockLib\nwn_internals\CGameObjectArray.cpp">
      <Filter>Source Files\nwn_internals</Filter>
    </ClCompile>
    <ClCompile Include="..\RockLib\nwn_internals\CNetLayer.cpp">
      <Filter>Source Files\nwn_internals</Filter>
    </ClCompile>
    <ClCompile Include="..\RockLib\nwn_internals\CNWBaseItemArray.cpp">
      <Filter>Source Files\nwn_internals</Filter>
    </ClCompile>
    <ClCompile Include="..\RockLib\nwn_internals\CNWMessage.cpp">
      <Filter>Source Files\nwn_internals</Filter>
    </ClCompile>
    <ClCompile Include="..\RockLib\nwn_internals\CNWSArea.cpp">
      <Filter>Source Files\nwn_internals</Filter>
    </ClCompile>
    <ClCompile Include="..\RockLib\nwn_internals\CNWSAreaOfEffectObject.cpp">
      <Filter>Source Files\nwn_internals</Filter>
    </ClCompile>
    <ClCompile Include="..\RockLib\nwn_internals\CNWSCombatRound.cpp">
      <Filter>Source Files\nwn_internals</Filter>
    </ClCompile>
    <ClCompile Include="..\RockLib\nwn_internals\CNWSCreature.cpp">
      <Filter>Source Files\nwn_internals</Filter>
    </ClCompile>
    <ClCompile Include="..\RockLib\nwn_internals\CNWSCreatureStats.cpp">
      <Filter>Source Files\nwn_internals</Filter>
    </ClCompile>
    <ClCompile Include="..\RockLib\nwn_internals\CNWSDoor.cpp">
      <Filter>Source Files\nwn_internals</Filter>
    </ClCompile>
    <ClCompile Include="..\RockLib\nwn_internals\CNWSEncounter.cpp">
      <Filter>Source Files\nwn_internals</Filter>
    </ClCompile>
    <ClCompile Include="..\RockLib\nwn_internals\CNWSInventory.cpp">
      <Filter>Source Files\nwn_internals</Filter>
    </ClCompile>
    <ClCompile Include="..\RockLib\nwn_internals\CNWSItem.cpp">
      <Filter>Source Files\nwn_internals</Filter>
    </ClCompile>
    <ClCompile Include="..\RockLib\nwn_internals\CNWSMessage.cpp">
      <Filter>Source Files\nwn_internals</Filter>
    </ClCompile>
    <ClCompile Include="..\RockLib\nwn_internals\CNWSModule.cpp">
      <Filter>Source Files\nwn_internals</Filter>
    </ClCompile>
    <ClCompile Include="..\RockLib\nwn_internals\CNWSObject.cpp">
      <Filter>Source Files\nwn_internals</Filter>
    </ClCompile>
    <ClCompile Include="..\RockLib\nwn_internals\CNWSPlaceable.cpp">
      <Filter>Source Files\nwn_internals</Filter>
    </ClCompile>
    <ClCompile Include="..\RockLib\nwn_internals\CNWSPlayer.cpp">
      <Filter>Source Files\nwn_internals</Filter>
    </ClCompile>
    <ClCompile Include="..\RockLib\nwn_internals\CNWSPlayerCharSheetGUI.cpp">
      <Filter>Source Files\nwn_internals</Filter>
    </ClCompile>
    <ClCompile Include="..\RockLib\nwn_internals\CNWSplayerTURD.cpp">
      <Filter>Source Files\nwn_internals</Filter>
    </ClCompile>
    <ClCompile Include="..\RockLib\nwn_internals\CNWSScriptVarTable.cpp">
      <Filter>Source Files\nwn_internals</Filter>
    </ClCompile>
    <ClCompile Include="..\RockLib\nwn_internals\CNWSStats_Level.cpp">
      <Filter>Source Files\nwn_internals</Filter>
    </ClCompile>
    <ClCompile Include="..\RockLib\nwn_internals\CNWSStore.cpp">
      <Filter>Source Files\nwn_internals</Filter>
    </ClCompile>
    <ClCompile Include="..\RockLib\nwn_internals\CNWSTile.cpp">
      <Filter>Source Files\nwn_internals</Filter>
    </ClCompile>
    <ClCompile Include="..\RockLib\nwn_internals\CNWSTrigger.cpp">
      <Filter>Source Files\nwn_internals</Filter>
    </ClCompile>
    <ClCompile Include="..\RockLib\nwn_internals\CNWTile.cpp">
      <Filter>Source Files\nwn_internals</Filter>
    </ClCompile>
    <ClCompile Include="..\RockLib\nwn_internals\CServerExoApp.cpp">
      <Filter>Source Files\nwn_internals</Filter>
    </ClCompile>
    <ClCompile Include="..\RockLib\nwn_internals\CWorldTimer.cpp">
      <Filter>Source Files\nwn_internals</Filter>
    </ClCompile>
    <ClCompile Include="..\RockLib\nwn_internals\nwn_internals.cpp">
      <Filter>Source Files\nwn_internals</Filter>
    </ClCompile>
    <ClCompile Include="..\NWNXdll\hook_funcs.cpp">
      <Filter>Source Files</Filter>
    </ClCompile>
    <ClCompile Include="..\RockLib\nwn_internals\CServerExoAppInternal.cpp">
      <Filter>Source Files\nwn_internals</Filter>
    </ClCompile>
    <ClCompile Include="..\RockLib\nwn_internals\CVirtualMachine.cpp">
      <Filter>Source Files\nwn_internals</Filter>
    </ClCompile>
    <ClCompile Include="..\RockLib\StdAfx.cpp">
      <Filter>Source Files</Filter>
    </ClCompile>
    <ClCompile Include="..\RockLib\LogFile.cpp">
      <Filter>Source Files</Filter>
    </ClCompile>
  </ItemGroup>
  <ItemGroup>
    <ClInclude Include="HookFunc.h">
      <Filter>Header Files</Filter>
    </ClInclude>
    <ClInclude Include="nwnx_funcs.h">
      <Filter>Header Files</Filter>
    </ClInclude>
    <ClInclude Include="resource.h">
      <Filter>Header Files</Filter>
    </ClInclude>
    <ClInclude Include="..\NWNXdll\IniFile.h">
      <Filter>Header Files\nwnxBase</Filter>
    </ClInclude>
    <ClInclude Include="..\NWNXdll\NWNXBase.h">
      <Filter>Header Files\nwnxBase</Filter>
    </ClInclude>
    <ClInclude Include="CFuncUtility.h">
      <Filter>Header Files\Script Function Classes</Filter>
    </ClInclude>
    <ClInclude Include="CNssAreas.h">
      <Filter>Header Files\Script Function Classes</Filter>
    </ClInclude>
    <ClInclude Include="CNssCreature.h">
      <Filter>Header Files\Script Function Classes</Filter>
    </ClInclude>
    <ClInclude Include="CNssCreatureStats.h">
      <Filter>Header Files\Script Function Classes</Filter>
    </ClInclude>
    <ClInclude Include="CNssCustomTrigger.h">
      <Filter>Header Files\Script Function Classes</Filter>
    </ClInclude>
    <ClInclude Include="CNssEffects.h">
      <Filter>Header Files\Script Function Classes</Filter>
    </ClInclude>
    <ClInclude Include="CNssFeats.h">
      <Filter>Header Files\Script Function Classes</Filter>
    </ClInclude>
    <ClInclude Include="CNssItemProperty.h">
      <Filter>Header Files\Script Function Classes</Filter>
    </ClInclude>
    <ClInclude Include="CNssItems.h">
      <Filter>Header Files\Script Function Classes</Filter>
    </ClInclude>
    <ClInclude Include="CNssLocalVariables.h">
      <Filter>Header Files\Script Function Classes</Filter>
    </ClInclude>
    <ClInclude Include="CNssLock.h">
      <Filter>Header Files\Script Function Classes</Filter>
    </ClInclude>
    <ClInclude Include="CNssModule.h">
      <Filter>Header Files\Script Function Classes</Filter>
    </ClInclude>
    <ClInclude Include="CNssObject.h">
      <Filter>Header Files\Script Function Classes</Filter>
    </ClInclude>
    <ClInclude Include="CNssPlayer.h">
      <Filter>Header Files\Script Function Classes</Filter>
    </ClInclude>
    <ClInclude Include="CNssServer.h">
      <Filter>Header Files\Script Function Classes</Filter>
    </ClInclude>
    <ClInclude Include="CNssSpells.h">
      <Filter>Header Files\Script Function Classes</Filter>
    </ClInclude>
    <ClInclude Include="CNssTransition.h">
      <Filter>Header Files\Script Function Classes</Filter>
    </ClInclude>
    <ClInclude Include="CNssUtility.h">
      <Filter>Header Files\Script Function Classes</Filter>
    </ClInclude>
    <ClInclude Include="CVisibility.h">
      <Filter>Header Files\Script Function Classes</Filter>
    </ClInclude>
    <ClInclude Include="types.h">
      <Filter>Header Files</Filter>
    </ClInclude>
    <ClInclude Include="..\NWNXdll\hook_funcs.h">
      <Filter>Header Files</Filter>
    </ClInclude>
    <ClInclude Include="..\RockLib\StdAfx.h">
      <Filter>Header Files</Filter>
    </ClInclude>
    <ClInclude Include="..\RockLib\LogFile.h">
      <Filter>Header Files</Filter>
    </ClInclude>
  </ItemGroup>
  <ItemGroup>
    <ResourceCompile Include="nwnx_funcs.rc">
      <Filter>Resource Files</Filter>
    </ResourceCompile>
  </ItemGroup>
</Project>