
Microsoft Visual Studio Solution File, Format Version 11.00
# Visual Studio 2010
Project("{8BC9CEB8-8B4A-11D0-8D11-00A0C91BC942}") = "NWNX2", "NWNX2\NWNX2.vcxproj", "{46D86344-C2C1-CB3C-17A3-9BD1639DF0C9}"
EndProject
Project("{8BC9CEB8-8B4A-11D0-8D11-00A0C91BC942}") = "NWNXdll", "NWNXdll\NWNXdll.vcxproj", "{858D2790-A854-050C-4244-833000116972}"
EndProject
Global
	GlobalSection(SolutionConfigurationPlatforms) = preSolution
		DBG|Win32 = DBG|Win32
		Release|Win32 = Release|Win32
		Template|Win32 = Template|Win32
	EndGlobalSection
	GlobalSection(ProjectConfigurationPlatforms) = postSolution
		{46D86344-C2C1-CB3C-17A3-9BD1639DF0C9}.DBG|Win32.ActiveCfg = DBG|Win32
		{46D86344-C2C1-CB3C-17A3-9BD1639DF0C9}.DBG|Win32.Build.0 = DBG|Win32
		{46D86344-C2C1-CB3C-17A3-9BD1639DF0C9}.Release|Win32.ActiveCfg = Release|Win32
		{46D86344-C2C1-CB3C-17A3-9BD1639DF0C9}.Release|Win32.Build.0 = Release|Win32
		{46D86344-C2C1-CB3C-17A3-9BD1639DF0C9}.Template|Win32.ActiveCfg = Release|Win32
		{46D86344-C2C1-CB3C-17A3-9BD1639DF0C9}.Template|Win32.Build.0 = Release|Win32
		{858D2790-A854-050C-4244-833000116972}.DBG|Win32.ActiveCfg = DBG|Win32
		{858D2790-A854-050C-4244-833000116972}.DBG|Win32.Build.0 = DBG|Win32
		{858D2790-A854-050C-4244-833000116972}.Release|Win32.ActiveCfg = Release|Win32
		{858D2790-A854-050C-4244-833000116972}.Release|Win32.Build.0 = Release|Win32
		{858D2790-A854-050C-4244-833000116972}.Template|Win32.ActiveCfg = Template|Win32
		{858D2790-A854-050C-4244-833000116972}.Template|Win32.Build.0 = Template|Win32
	EndGlobalSection
	GlobalSection(SolutionProperties) = preSolution
		HideSolutionNode = FALSE
	EndGlobalSection
EndGlobal
