
Microsoft Visual Studio Solution File, Format Version 11.00
# Visual Studio 2010
Project("{8BC9CEB8-8B4A-11D0-8D11-00A0C91BC942}") = "NWNX2", "NWNX2\NWNX2.vcxproj", "{13E19FA7-56B2-479C-5CD3-D25E4DE0FF63}"
EndProject
Project("{8BC9CEB8-8B4A-11D0-8D11-00A0C91BC942}") = "NWNXdll", "NWNXdll.vcxproj", "{08A66313-24FA-CB28-B8D8-D8960A0FA617}"
EndProject
Project("{8BC9CEB8-8B4A-11D0-8D11-00A0C91BC942}") = "Odbc2", "Odbc2.vcxproj", "{E452C7EB-B04B-485A-86D4-E2AA5ED7B196}"
EndProject
Project("{8BC9CEB8-8B4A-11D0-8D11-00A0C91BC942}") = "nwnx_funcs", "NWNX_Functions\funcs.vcxproj", "{96733211-6B5E-4B2B-972F-33C6D378F861}"
EndProject
Project("{8BC9CEB8-8B4A-11D0-8D11-00A0C91BC942}") = "Profiler", "Profiler.vcxproj", "{C4E8B9C0-426F-4D3F-9661-0563A03A21AC}"
EndProject
Project("{8BC9CEB8-8B4A-11D0-8D11-00A0C91BC942}") = "Time", "time.vcxproj", "{DCB0A985-0060-4762-3FE9-4A63B7B2F09E}"
EndProject
Project("{8BC9CEB8-8B4A-11D0-8D11-00A0C91BC942}") = "NWNX_Chat", "NWNX_Chat.vcxproj", "{A71411E4-333A-401C-B273-AA29F66F90C8}"
EndProject
Project("{8BC9CEB8-8B4A-11D0-8D11-00A0C91BC942}") = "NWNX_Connect", "NWNX_Connect.vcxproj", "{D0E31253-38FB-40C0-934D-4BB3539B5204}"
EndProject
Global
	GlobalSection(SolutionConfigurationPlatforms) = preSolution
		DBG|Win32 = DBG|Win32
		DBG|x64 = DBG|x64
		Debug|Win32 = Debug|Win32
		Debug|x64 = Debug|x64
		Release|Win32 = Release|Win32
		Release|x64 = Release|x64
		Server_specific|Win32 = Server_specific|Win32
		Server_specific|x64 = Server_specific|x64
		Template|Win32 = Template|Win32
		Template|x64 = Template|x64
		test|Win32 = test|Win32
		test|x64 = test|x64
	EndGlobalSection
	GlobalSection(ProjectConfigurationPlatforms) = postSolution
		{13E19FA7-56B2-479C-5CD3-D25E4DE0FF63}.DBG|Win32.ActiveCfg = Release|Win32
		{13E19FA7-56B2-479C-5CD3-D25E4DE0FF63}.DBG|Win32.Build.0 = Release|Win32
		{13E19FA7-56B2-479C-5CD3-D25E4DE0FF63}.DBG|x64.ActiveCfg = DBG|Win32
		{13E19FA7-56B2-479C-5CD3-D25E4DE0FF63}.Debug|Win32.ActiveCfg = Release|Win32
		{13E19FA7-56B2-479C-5CD3-D25E4DE0FF63}.Debug|Win32.Build.0 = Release|Win32
		{13E19FA7-56B2-479C-5CD3-D25E4DE0FF63}.Debug|x64.ActiveCfg = DBG|Win32
		{13E19FA7-56B2-479C-5CD3-D25E4DE0FF63}.Release|Win32.ActiveCfg = Release|Win32
		{13E19FA7-56B2-479C-5CD3-D25E4DE0FF63}.Release|Win32.Build.0 = Release|Win32
		{13E19FA7-56B2-479C-5CD3-D25E4DE0FF63}.Release|x64.ActiveCfg = Release|Win32
		{13E19FA7-56B2-479C-5CD3-D25E4DE0FF63}.Server_specific|Win32.ActiveCfg = Release|Win32
		{13E19FA7-56B2-479C-5CD3-D25E4DE0FF63}.Server_specific|Win32.Build.0 = Release|Win32
		{13E19FA7-56B2-479C-5CD3-D25E4DE0FF63}.Server_specific|x64.ActiveCfg = Release|Win32
		{13E19FA7-56B2-479C-5CD3-D25E4DE0FF63}.Template|Win32.ActiveCfg = Release|Win32
		{13E19FA7-56B2-479C-5CD3-D25E4DE0FF63}.Template|Win32.Build.0 = Release|Win32
		{13E19FA7-56B2-479C-5CD3-D25E4DE0FF63}.Template|x64.ActiveCfg = Release|Win32
		{13E19FA7-56B2-479C-5CD3-D25E4DE0FF63}.test|Win32.ActiveCfg = Release|Win32
		{13E19FA7-56B2-479C-5CD3-D25E4DE0FF63}.test|Win32.Build.0 = Release|Win32
		{13E19FA7-56B2-479C-5CD3-D25E4DE0FF63}.test|x64.ActiveCfg = Release|Win32
		{08A66313-24FA-CB28-B8D8-D8960A0FA617}.DBG|Win32.ActiveCfg = Release|Win32
		{08A66313-24FA-CB28-B8D8-D8960A0FA617}.DBG|Win32.Build.0 = Release|Win32
		{08A66313-24FA-CB28-B8D8-D8960A0FA617}.DBG|x64.ActiveCfg = DBG|Win32
		{08A66313-24FA-CB28-B8D8-D8960A0FA617}.Debug|Win32.ActiveCfg = Release|Win32
		{08A66313-24FA-CB28-B8D8-D8960A0FA617}.Debug|Win32.Build.0 = Release|Win32
		{08A66313-24FA-CB28-B8D8-D8960A0FA617}.Debug|x64.ActiveCfg = DBG|Win32
		{08A66313-24FA-CB28-B8D8-D8960A0FA617}.Release|Win32.ActiveCfg = Release|Win32
		{08A66313-24FA-CB28-B8D8-D8960A0FA617}.Release|Win32.Build.0 = Release|Win32
		{08A66313-24FA-CB28-B8D8-D8960A0FA617}.Release|x64.ActiveCfg = Release|Win32
		{08A66313-24FA-CB28-B8D8-D8960A0FA617}.Server_specific|Win32.ActiveCfg = Template|Win32
		{08A66313-24FA-CB28-B8D8-D8960A0FA617}.Server_specific|Win32.Build.0 = Template|Win32
		{08A66313-24FA-CB28-B8D8-D8960A0FA617}.Server_specific|x64.ActiveCfg = Template|Win32
		{08A66313-24FA-CB28-B8D8-D8960A0FA617}.Template|Win32.ActiveCfg = Template|Win32
		{08A66313-24FA-CB28-B8D8-D8960A0FA617}.Template|Win32.Build.0 = Template|Win32
		{08A66313-24FA-CB28-B8D8-D8960A0FA617}.Template|x64.ActiveCfg = Template|Win32
		{08A66313-24FA-CB28-B8D8-D8960A0FA617}.test|Win32.ActiveCfg = Template|Win32
		{08A66313-24FA-CB28-B8D8-D8960A0FA617}.test|Win32.Build.0 = Template|Win32
		{08A66313-24FA-CB28-B8D8-D8960A0FA617}.test|x64.ActiveCfg = Template|Win32
		{E452C7EB-B04B-485A-86D4-E2AA5ED7B196}.DBG|Win32.ActiveCfg = Release|Win32
		{E452C7EB-B04B-485A-86D4-E2AA5ED7B196}.DBG|Win32.Build.0 = Release|Win32
		{E452C7EB-B04B-485A-86D4-E2AA5ED7B196}.DBG|x64.ActiveCfg = DBG|Win32
		{E452C7EB-B04B-485A-86D4-E2AA5ED7B196}.Debug|Win32.ActiveCfg = Release|Win32
		{E452C7EB-B04B-485A-86D4-E2AA5ED7B196}.Debug|Win32.Build.0 = Release|Win32
		{E452C7EB-B04B-485A-86D4-E2AA5ED7B196}.Debug|x64.ActiveCfg = DBG|Win32
		{E452C7EB-B04B-485A-86D4-E2AA5ED7B196}.Release|Win32.ActiveCfg = Release|Win32
		{E452C7EB-B04B-485A-86D4-E2AA5ED7B196}.Release|Win32.Build.0 = Release|Win32
		{E452C7EB-B04B-485A-86D4-E2AA5ED7B196}.Release|x64.ActiveCfg = Release|Win32
		{E452C7EB-B04B-485A-86D4-E2AA5ED7B196}.Server_specific|Win32.ActiveCfg = Release|Win32
		{E452C7EB-B04B-485A-86D4-E2AA5ED7B196}.Server_specific|Win32.Build.0 = Release|Win32
		{E452C7EB-B04B-485A-86D4-E2AA5ED7B196}.Server_specific|x64.ActiveCfg = Release|Win32
		{E452C7EB-B04B-485A-86D4-E2AA5ED7B196}.Template|Win32.ActiveCfg = Release|Win32
		{E452C7EB-B04B-485A-86D4-E2AA5ED7B196}.Template|Win32.Build.0 = Release|Win32
		{E452C7EB-B04B-485A-86D4-E2AA5ED7B196}.Template|x64.ActiveCfg = Release|Win32
		{E452C7EB-B04B-485A-86D4-E2AA5ED7B196}.test|Win32.ActiveCfg = Release|Win32
		{E452C7EB-B04B-485A-86D4-E2AA5ED7B196}.test|Win32.Build.0 = Release|Win32
		{E452C7EB-B04B-485A-86D4-E2AA5ED7B196}.test|x64.ActiveCfg = Release|Win32
		{96733211-6B5E-4B2B-972F-33C6D378F861}.DBG|Win32.ActiveCfg = Debug|x64
		{96733211-6B5E-4B2B-972F-33C6D378F861}.DBG|x64.ActiveCfg = Debug|x64
		{96733211-6B5E-4B2B-972F-33C6D378F861}.DBG|x64.Build.0 = Debug|x64
		{96733211-6B5E-4B2B-972F-33C6D378F861}.Debug|Win32.ActiveCfg = Debug|Win32
		{96733211-6B5E-4B2B-972F-33C6D378F861}.Debug|Win32.Build.0 = Debug|Win32
		{96733211-6B5E-4B2B-972F-33C6D378F861}.Debug|x64.ActiveCfg = Debug|x64
		{96733211-6B5E-4B2B-972F-33C6D378F861}.Debug|x64.Build.0 = Debug|x64
		{96733211-6B5E-4B2B-972F-33C6D378F861}.Release|Win32.ActiveCfg = Release|Win32
		{96733211-6B5E-4B2B-972F-33C6D378F861}.Release|Win32.Build.0 = Release|Win32
		{96733211-6B5E-4B2B-972F-33C6D378F861}.Release|x64.ActiveCfg = Release|x64
		{96733211-6B5E-4B2B-972F-33C6D378F861}.Release|x64.Build.0 = Release|x64
		{96733211-6B5E-4B2B-972F-33C6D378F861}.Server_specific|Win32.ActiveCfg = Server_specific|Win32
		{96733211-6B5E-4B2B-972F-33C6D378F861}.Server_specific|Win32.Build.0 = Server_specific|Win32
		{96733211-6B5E-4B2B-972F-33C6D378F861}.Server_specific|x64.ActiveCfg = Server_specific|x64
		{96733211-6B5E-4B2B-972F-33C6D378F861}.Server_specific|x64.Build.0 = Server_specific|x64
		{96733211-6B5E-4B2B-972F-33C6D378F861}.Template|Win32.ActiveCfg = test|x64
		{96733211-6B5E-4B2B-972F-33C6D378F861}.Template|x64.ActiveCfg = test|x64
		{96733211-6B5E-4B2B-972F-33C6D378F861}.Template|x64.Build.0 = test|x64
		{96733211-6B5E-4B2B-972F-33C6D378F861}.test|Win32.ActiveCfg = test|Win32
		{96733211-6B5E-4B2B-972F-33C6D378F861}.test|Win32.Build.0 = test|Win32
		{96733211-6B5E-4B2B-972F-33C6D378F861}.test|x64.ActiveCfg = test|x64
		{96733211-6B5E-4B2B-972F-33C6D378F861}.test|x64.Build.0 = test|x64
		{C4E8B9C0-426F-4D3F-9661-0563A03A21AC}.DBG|Win32.ActiveCfg = Debug|Win32
		{C4E8B9C0-426F-4D3F-9661-0563A03A21AC}.DBG|Win32.Build.0 = Debug|Win32
		{C4E8B9C0-426F-4D3F-9661-0563A03A21AC}.DBG|x64.ActiveCfg = Debug|Win32
		{C4E8B9C0-426F-4D3F-9661-0563A03A21AC}.Debug|Win32.ActiveCfg = Debug|Win32
		{C4E8B9C0-426F-4D3F-9661-0563A03A21AC}.Debug|Win32.Build.0 = Debug|Win32
		{C4E8B9C0-426F-4D3F-9661-0563A03A21AC}.Debug|x64.ActiveCfg = Debug|Win32
		{C4E8B9C0-426F-4D3F-9661-0563A03A21AC}.Release|Win32.ActiveCfg = Release|Win32
		{C4E8B9C0-426F-4D3F-9661-0563A03A21AC}.Release|Win32.Build.0 = Release|Win32
		{C4E8B9C0-426F-4D3F-9661-0563A03A21AC}.Release|x64.ActiveCfg = Release|Win32
		{C4E8B9C0-426F-4D3F-9661-0563A03A21AC}.Server_specific|Win32.ActiveCfg = Release|Win32
		{C4E8B9C0-426F-4D3F-9661-0563A03A21AC}.Server_specific|Win32.Build.0 = Release|Win32
		{C4E8B9C0-426F-4D3F-9661-0563A03A21AC}.Server_specific|x64.ActiveCfg = Release|Win32
		{C4E8B9C0-426F-4D3F-9661-0563A03A21AC}.Template|Win32.ActiveCfg = Release|Win32
		{C4E8B9C0-426F-4D3F-9661-0563A03A21AC}.Template|Win32.Build.0 = Release|Win32
		{C4E8B9C0-426F-4D3F-9661-0563A03A21AC}.Template|x64.ActiveCfg = Release|Win32
		{C4E8B9C0-426F-4D3F-9661-0563A03A21AC}.test|Win32.ActiveCfg = Release|Win32
		{C4E8B9C0-426F-4D3F-9661-0563A03A21AC}.test|Win32.Build.0 = Release|Win32
		{C4E8B9C0-426F-4D3F-9661-0563A03A21AC}.test|x64.ActiveCfg = Release|Win32
		{DCB0A985-0060-4762-3FE9-4A63B7B2F09E}.DBG|Win32.ActiveCfg = Debug|Win32
		{DCB0A985-0060-4762-3FE9-4A63B7B2F09E}.DBG|Win32.Build.0 = Debug|Win32
		{DCB0A985-0060-4762-3FE9-4A63B7B2F09E}.DBG|x64.ActiveCfg = Debug|Win32
		{DCB0A985-0060-4762-3FE9-4A63B7B2F09E}.Debug|Win32.ActiveCfg = Debug|Win32
		{DCB0A985-0060-4762-3FE9-4A63B7B2F09E}.Debug|Win32.Build.0 = Debug|Win32
		{DCB0A985-0060-4762-3FE9-4A63B7B2F09E}.Debug|x64.ActiveCfg = Debug|Win32
		{DCB0A985-0060-4762-3FE9-4A63B7B2F09E}.Release|Win32.ActiveCfg = Release|Win32
		{DCB0A985-0060-4762-3FE9-4A63B7B2F09E}.Release|Win32.Build.0 = Release|Win32
		{DCB0A985-0060-4762-3FE9-4A63B7B2F09E}.Release|x64.ActiveCfg = Release|Win32
		{DCB0A985-0060-4762-3FE9-4A63B7B2F09E}.Server_specific|Win32.ActiveCfg = Release|Win32
		{DCB0A985-0060-4762-3FE9-4A63B7B2F09E}.Server_specific|Win32.Build.0 = Release|Win32
		{DCB0A985-0060-4762-3FE9-4A63B7B2F09E}.Server_specific|x64.ActiveCfg = Release|Win32
		{DCB0A985-0060-4762-3FE9-4A63B7B2F09E}.Template|Win32.ActiveCfg = Release|Win32
		{DCB0A985-0060-4762-3FE9-4A63B7B2F09E}.Template|Win32.Build.0 = Release|Win32
		{DCB0A985-0060-4762-3FE9-4A63B7B2F09E}.Template|x64.ActiveCfg = Release|Win32
		{DCB0A985-0060-4762-3FE9-4A63B7B2F09E}.test|Win32.ActiveCfg = Release|Win32
		{DCB0A985-0060-4762-3FE9-4A63B7B2F09E}.test|Win32.Build.0 = Release|Win32
		{DCB0A985-0060-4762-3FE9-4A63B7B2F09E}.test|x64.ActiveCfg = Release|Win32
		{A71411E4-333A-401C-B273-AA29F66F90C8}.DBG|Win32.ActiveCfg = Debug|Win32
		{A71411E4-333A-401C-B273-AA29F66F90C8}.DBG|Win32.Build.0 = Debug|Win32
		{A71411E4-333A-401C-B273-AA29F66F90C8}.DBG|x64.ActiveCfg = Debug|Win32
		{A71411E4-333A-401C-B273-AA29F66F90C8}.Debug|Win32.ActiveCfg = Debug|Win32
		{A71411E4-333A-401C-B273-AA29F66F90C8}.Debug|Win32.Build.0 = Debug|Win32
		{A71411E4-333A-401C-B273-AA29F66F90C8}.Debug|x64.ActiveCfg = Debug|Win32
		{A71411E4-333A-401C-B273-AA29F66F90C8}.Release|Win32.ActiveCfg = Release|Win32
		{A71411E4-333A-401C-B273-AA29F66F90C8}.Release|Win32.Build.0 = Release|Win32
		{A71411E4-333A-401C-B273-AA29F66F90C8}.Release|x64.ActiveCfg = Release|Win32
		{A71411E4-333A-401C-B273-AA29F66F90C8}.Server_specific|Win32.ActiveCfg = Release|Win32
		{A71411E4-333A-401C-B273-AA29F66F90C8}.Server_specific|Win32.Build.0 = Release|Win32
		{A71411E4-333A-401C-B273-AA29F66F90C8}.Server_specific|x64.ActiveCfg = Release|Win32
		{A71411E4-333A-401C-B273-AA29F66F90C8}.Template|Win32.ActiveCfg = Release|Win32
		{A71411E4-333A-401C-B273-AA29F66F90C8}.Template|Win32.Build.0 = Release|Win32
		{A71411E4-333A-401C-B273-AA29F66F90C8}.Template|x64.ActiveCfg = Release|Win32
		{A71411E4-333A-401C-B273-AA29F66F90C8}.test|Win32.ActiveCfg = Release|Win32
		{A71411E4-333A-401C-B273-AA29F66F90C8}.test|Win32.Build.0 = Release|Win32
		{A71411E4-333A-401C-B273-AA29F66F90C8}.test|x64.ActiveCfg = Release|Win32
		{D0E31253-38FB-40C0-934D-4BB3539B5204}.DBG|Win32.ActiveCfg = Debug|Win32
		{D0E31253-38FB-40C0-934D-4BB3539B5204}.DBG|Win32.Build.0 = Debug|Win32
		{D0E31253-38FB-40C0-934D-4BB3539B5204}.DBG|x64.ActiveCfg = Debug|Win32
		{D0E31253-38FB-40C0-934D-4BB3539B5204}.Debug|Win32.ActiveCfg = Debug|Win32
		{D0E31253-38FB-40C0-934D-4BB3539B5204}.Debug|Win32.Build.0 = Debug|Win32
		{D0E31253-38FB-40C0-934D-4BB3539B5204}.Debug|x64.ActiveCfg = Debug|Win32
		{D0E31253-38FB-40C0-934D-4BB3539B5204}.Release|Win32.ActiveCfg = Release|Win32
		{D0E31253-38FB-40C0-934D-4BB3539B5204}.Release|Win32.Build.0 = Release|Win32
		{D0E31253-38FB-40C0-934D-4BB3539B5204}.Release|x64.ActiveCfg = Release|Win32
		{D0E31253-38FB-40C0-934D-4BB3539B5204}.Server_specific|Win32.ActiveCfg = Release|Win32
		{D0E31253-38FB-40C0-934D-4BB3539B5204}.Server_specific|Win32.Build.0 = Release|Win32
		{D0E31253-38FB-40C0-934D-4BB3539B5204}.Server_specific|x64.ActiveCfg = Release|Win32
		{D0E31253-38FB-40C0-934D-4BB3539B5204}.Template|Win32.ActiveCfg = Release|Win32
		{D0E31253-38FB-40C0-934D-4BB3539B5204}.Template|Win32.Build.0 = Release|Win32
		{D0E31253-38FB-40C0-934D-4BB3539B5204}.Template|x64.ActiveCfg = Release|Win32
		{D0E31253-38FB-40C0-934D-4BB3539B5204}.test|Win32.ActiveCfg = Release|Win32
		{D0E31253-38FB-40C0-934D-4BB3539B5204}.test|Win32.Build.0 = Release|Win32
		{D0E31253-38FB-40C0-934D-4BB3539B5204}.test|x64.ActiveCfg = Release|Win32
	EndGlobalSection
	GlobalSection(SolutionProperties) = preSolution
		HideSolutionNode = FALSE
	EndGlobalSection
EndGlobal
