<?xml version="1.0" encoding="utf-8"?>
<Project ToolsVersion="4.0" xmlns="http://schemas.microsoft.com/developer/msbuild/2003">
  <ItemGroup>
    <ClCompile Include="ODBC2\sqlite\attach.c">
      <Filter>Source Files</Filter>
    </ClCompile>
    <ClCompile Include="ODBC2\sqlite\auth.c">
      <Filter>Source Files</Filter>
    </ClCompile>
    <ClCompile Include="ODBC2\sqlite\btree.c">
      <Filter>Source Files</Filter>
    </ClCompile>
    <ClCompile Include="ODBC2\sqlite\build.c">
      <Filter>Source Files</Filter>
    </ClCompile>
    <ClCompile Include="ODBC2\Cmysql.cpp">
      <Filter>Source Files</Filter>
    </ClCompile>
    <ClCompile Include="ODBC2\sqlite\date.c">
      <Filter>Source Files</Filter>
    </ClCompile>
    <ClCompile Include="ODBC2\sqlite\delete.c">
      <Filter>Source Files</Filter>
    </ClCompile>
    <ClCompile Include="ODBC2\sqlite\func.c">
      <Filter>Source Files</Filter>
    </ClCompile>
    <ClCompile Include="ODBC2\sqlite\expr.c">
      <Filter>Source Files</Filter>
    </ClCompile>
    <ClCompile Include="ODBC2\sqlite\hash.c">
      <Filter>Source Files</Filter>
    </ClCompile>
    <ClCompile Include="NWNXdll\IniFile.cpp">
      <Filter>Source Files</Filter>
    </ClCompile>
    <ClCompile Include="ODBC2\sqlite\insert.c">
      <Filter>Source Files</Filter>
    </ClCompile>
    <ClCompile Include="ODBC2\sqlite\main.c">
      <Filter>Source Files</Filter>
    </ClCompile>
    <ClCompile Include="ODBC2\sqlite\legacy.c">
      <Filter>Source Files</Filter>
    </ClCompile>
    <ClCompile Include="NWNXdll\NWNXBase.cpp">
      <Filter>Source Files</Filter>
    </ClCompile>
    <ClCompile Include="ODBC2\NWNXOdbc.cpp">
      <Filter>Source Files</Filter>
    </ClCompile>
    <ClCompile Include="ODBC2\Odbc.cpp">
      <Filter>Source Files</Filter>
    </ClCompile>
    <ClCompile Include="ODBC2\ODBC1.cpp">
      <Filter>Source Files</Filter>
    </ClCompile>
    <ClCompile Include="ODBC2\sqlite\opcodes.c">
      <Filter>Source Files</Filter>
    </ClCompile>
    <ClCompile Include="ODBC2\sqlite\os_mac.c">
      <Filter>Source Files</Filter>
    </ClCompile>
    <ClCompile Include="ODBC2\sqlite\os_unix.c">
      <Filter>Source Files</Filter>
    </ClCompile>
    <ClCompile Include="ODBC2\sqlite\os_win.c">
      <Filter>Source Files</Filter>
    </ClCompile>
    <ClCompile Include="ODBC2\sqlite\pager.c">
      <Filter>Source Files</Filter>
    </ClCompile>
    <ClCompile Include="ODBC2\sqlite\parse.c">
      <Filter>Source Files</Filter>
    </ClCompile>
    <ClCompile Include="ODBC2\sqlite\pragma.c">
      <Filter>Source Files</Filter>
    </ClCompile>
    <ClCompile Include="ODBC2\sqlite\printf.c">
      <Filter>Source Files</Filter>
    </ClCompile>
    <ClCompile Include="ODBC2\sqlite\random.c">
      <Filter>Source Files</Filter>
    </ClCompile>
    <ClCompile Include="ODBC2\scorcohook.cpp">
      <Filter>Source Files</Filter>
    </ClCompile>
    <ClCompile Include="ODBC2\sqlite\select.c">
      <Filter>Source Files</Filter>
    </ClCompile>
    <ClCompile Include="ODBC2\sqlite\shell.c">
      <Filter>Source Files</Filter>
    </ClCompile>
    <ClCompile Include="ODBC2\sqlite.cpp">
      <Filter>Source Files</Filter>
    </ClCompile>
    <ClCompile Include="ODBC2\StdAfx.cpp">
      <Filter>Source Files</Filter>
    </ClCompile>
    <ClCompile Include="ODBC2\sqlite\table.c">
      <Filter>Source Files</Filter>
    </ClCompile>
    <ClCompile Include="ODBC2\sqlite\tclsqlite.c">
      <Filter>Source Files</Filter>
    </ClCompile>
    <ClCompile Include="ODBC2\sqlite\tokenize.c">
      <Filter>Source Files</Filter>
    </ClCompile>
    <ClCompile Include="ODBC2\sqlite\util.c">
      <Filter>Source Files</Filter>
    </ClCompile>
    <ClCompile Include="ODBC2\sqlite\trigger.c">
      <Filter>Source Files</Filter>
    </ClCompile>
    <ClCompile Include="ODBC2\sqlite\update.c">
      <Filter>Source Files</Filter>
    </ClCompile>
    <ClCompile Include="ODBC2\sqlite\utf.c">
      <Filter>Source Files</Filter>
    </ClCompile>
    <ClCompile Include="ODBC2\sqlite\vdbe.c">
      <Filter>Source Files</Filter>
    </ClCompile>
    <ClCompile Include="ODBC2\sqlite\vacuum.c">
      <Filter>Source Files</Filter>
    </ClCompile>
    <ClCompile Include="ODBC2\sqlite\vdbeapi.c">
      <Filter>Source Files</Filter>
    </ClCompile>
    <ClCompile Include="ODBC2\sqlite\vdbeaux.c">
      <Filter>Source Files</Filter>
    </ClCompile>
    <ClCompile Include="ODBC2\sqlite\where.c">
      <Filter>Source Files</Filter>
    </ClCompile>
    <ClCompile Include="ODBC2\sqlite\vdbemem.c">
      <Filter>Source Files</Filter>
    </ClCompile>
  </ItemGroup>
  <ItemGroup>
    <ClInclude Include="ODBC2\sqlite\btree.h">
      <Filter>Header Files</Filter>
    </ClInclude>
    <ClInclude Include="ODBC2\sqlite\config.h">
      <Filter>Header Files</Filter>
    </ClInclude>
    <ClInclude Include="ODBC2\db.h">
      <Filter>Header Files</Filter>
    </ClInclude>
    <ClInclude Include="ODBC2\sqlite\hash.h">
      <Filter>Header Files</Filter>
    </ClInclude>
    <ClInclude Include="NWNXdll\IniFile.h">
      <Filter>Header Files</Filter>
    </ClInclude>
    <ClInclude Include="ODBC2\mysql.h">
      <Filter>Header Files</Filter>
    </ClInclude>
    <ClInclude Include="NWNXdll\NWNXBase.h">
      <Filter>Header Files</Filter>
    </ClInclude>
    <ClInclude Include="ODBC2\NWNXOdbc.h">
      <Filter>Header Files</Filter>
    </ClInclude>
    <ClInclude Include="ODBC2\Odbc.h">
      <Filter>Header Files</Filter>
    </ClInclude>
    <ClInclude Include="ODBC2\ODBC1.h">
      <Filter>Header Files</Filter>
    </ClInclude>
    <ClInclude Include="ODBC2\sqlite\opcodes.h">
      <Filter>Header Files</Filter>
    </ClInclude>
    <ClInclude Include="ODBC2\sqlite\os.h">
      <Filter>Header Files</Filter>
    </ClInclude>
    <ClInclude Include="ODBC2\sqlite\os_common.h">
      <Filter>Header Files</Filter>
    </ClInclude>
    <ClInclude Include="ODBC2\sqlite\os_mac.h">
      <Filter>Header Files</Filter>
    </ClInclude>
    <ClInclude Include="ODBC2\sqlite\os_unix.h">
      <Filter>Header Files</Filter>
    </ClInclude>
    <ClInclude Include="ODBC2\sqlite\os_win.h">
      <Filter>Header Files</Filter>
    </ClInclude>
    <ClInclude Include="ODBC2\sqlite\pager.h">
      <Filter>Header Files</Filter>
    </ClInclude>
    <ClInclude Include="ODBC2\sqlite\parse.h">
      <Filter>Header Files</Filter>
    </ClInclude>
    <ClInclude Include="ODBC2\resource.h">
      <Filter>Header Files</Filter>
    </ClInclude>
    <ClInclude Include="ODBC2\scorcohook.h">
      <Filter>Header Files</Filter>
    </ClInclude>
    <ClInclude Include="ODBC2\sqlite.h">
      <Filter>Header Files</Filter>
    </ClInclude>
    <ClInclude Include="ODBC2\sqlite\sqlite3.h">
      <Filter>Header Files</Filter>
    </ClInclude>
    <ClInclude Include="ODBC2\sqlite\sqliteInt.h">
      <Filter>Header Files</Filter>
    </ClInclude>
    <ClInclude Include="ODBC2\StdAfx.h">
      <Filter>Header Files</Filter>
    </ClInclude>
    <ClInclude Include="ODBC2\sqlite\vdbe.h">
      <Filter>Header Files</Filter>
    </ClInclude>
    <ClInclude Include="ODBC2\sqlite\vdbeInt.h">
      <Filter>Header Files</Filter>
    </ClInclude>
  </ItemGroup>
  <ItemGroup>
    <Filter Include="Header Files">
      <UniqueIdentifier>{dd78b33d-74f0-476e-a04d-71a2c36b1591}</UniqueIdentifier>
    </Filter>
    <Filter Include="Source Files">
      <UniqueIdentifier>{ba86cf4b-8ad7-40ee-b94b-24eb4a15a230}</UniqueIdentifier>
    </Filter>
  </ItemGroup>
</Project>