<?xml version="1.0" encoding="utf-8"?>
<Project ToolsVersion="4.0" xmlns="http://schemas.microsoft.com/developer/msbuild/2003">
  <ItemGroup>
    <ClCompile Include="..\src\Profiler\hash.cpp">
      <Filter>Source Files</Filter>
    </ClCompile>
    <ClCompile Include="NWNXdll\HashTable.cpp">
      <Filter>Source Files</Filter>
    </ClCompile>
    <ClCompile Include="NWNXdll\hook_funcs.cpp">
      <Filter>Source Files</Filter>
    </ClCompile>
    <ClCompile Include="..\src\Profiler\HookRunScript.cpp">
      <Filter>Source Files</Filter>
    </ClCompile>
    <ClCompile Include="NWNXdll\IniFile.cpp">
      <Filter>Source Files</Filter>
    </ClCompile>
    <ClCompile Include="NWNXdll\NWNXBase.cpp">
      <Filter>Source Files</Filter>
    </ClCompile>
    <ClCompile Include="..\src\Profiler\NWNXProfiler.cpp">
      <Filter>Source Files</Filter>
    </ClCompile>
    <ClCompile Include="..\src\Profiler\Profiler.cpp">
      <Filter>Source Files</Filter>
    </ClCompile>
    <ClCompile Include="..\src\Profiler\StdAfx.cpp">
      <Filter>Source Files</Filter>
    </ClCompile>
  </ItemGroup>
  <ItemGroup>
    <ClInclude Include="..\src\Profiler\hash.h">
      <Filter>Header Files</Filter>
    </ClInclude>
    <ClInclude Include="NWNXdll\HashTable.h">
      <Filter>Header Files</Filter>
    </ClInclude>
    <ClInclude Include="NWNXdll\hook_funcs.h">
      <Filter>Header Files</Filter>
    </ClInclude>
    <ClInclude Include="..\src\Profiler\HookRunScript.h">
      <Filter>Header Files</Filter>
    </ClInclude>
    <ClInclude Include="NWNXdll\IniFile.h">
      <Filter>Header Files</Filter>
    </ClInclude>
    <ClInclude Include="NWNXdll\NWNXBase.h">
      <Filter>Header Files</Filter>
    </ClInclude>
    <ClInclude Include="..\src\Profiler\NWNXProfiler.h">
      <Filter>Header Files</Filter>
    </ClInclude>
    <ClInclude Include="..\src\Profiler\Profiler.h">
      <Filter>Header Files</Filter>
    </ClInclude>
    <ClInclude Include="..\src\Profiler\resource.h">
      <Filter>Header Files</Filter>
    </ClInclude>
    <ClInclude Include="..\src\Profiler\StdAfx.h">
      <Filter>Header Files</Filter>
    </ClInclude>
  </ItemGroup>
  <ItemGroup>
    <Filter Include="Header Files">
      <UniqueIdentifier>{b14a715a-0c39-4b80-9985-dc8668914ee4}</UniqueIdentifier>
    </Filter>
    <Filter Include="Source Files">
      <UniqueIdentifier>{8493daad-ec18-409d-ae8c-c1feefc1d0df}</UniqueIdentifier>
    </Filter>
    <Filter Include="Resource Files">
      <UniqueIdentifier>{4166dcd4-32e0-4854-88c7-21957e800cb3}</UniqueIdentifier>
    </Filter>
  </ItemGroup>
  <ItemGroup>
    <ResourceCompile Include="..\src\Profiler\Profiler.rc">
      <Filter>Resource Files</Filter>
    </ResourceCompile>
  </ItemGroup>
</Project>