<?xml version="1.0" encoding="utf-8"?>
<Project ToolsVersion="4.0" xmlns="http://schemas.microsoft.com/developer/msbuild/2003">
  <ItemGroup>
    <ClCompile Include="NWNXdll\NWNXBase.cpp">
      <Filter>Source Files</Filter>
    </ClCompile>
    <ClCompile Include="Time\NWNXTime.cpp">
      <Filter>Source Files</Filter>
    </ClCompile>
    <ClCompile Include="Time\time.cpp">
      <Filter>Source Files</Filter>
    </ClCompile>
    <ClCompile Include="Time\StdAfx.cpp">
      <Filter>Source Files</Filter>
    </ClCompile>
    <ClCompile Include="NWNXdll\IniFile.cpp">
      <Filter>Source Files</Filter>
    </ClCompile>
  </ItemGroup>
  <ItemGroup>
    <ClInclude Include="NWNXdll\NWNXBase.h">
      <Filter>Header Files</Filter>
    </ClInclude>
    <ClInclude Include="Time\NWNXTime.h">
      <Filter>Header Files</Filter>
    </ClInclude>
    <ClInclude Include="Time\StdAfx.h">
      <Filter>Header Files</Filter>
    </ClInclude>
    <ClInclude Include="Time\timer.h">
      <Filter>Header Files</Filter>
    </ClInclude>
    <ClInclude Include="NWNXdll\IniFile.h">
      <Filter>Header Files</Filter>
    </ClInclude>
  </ItemGroup>
  <ItemGroup>
    <Filter Include="Header Files">
      <UniqueIdentifier>{52f11a51-a7e3-4130-82fc-7d0ad16c2d9e}</UniqueIdentifier>
    </Filter>
    <Filter Include="Source Files">
      <UniqueIdentifier>{62c323dc-cf6b-4e31-915d-aaabbb62dc54}</UniqueIdentifier>
    </Filter>
  </ItemGroup>
</Project>